// !$*UTF8*$!
{
	archiveVersion = 1;
	classes = {
	};
	objectVersion = 46;
	objects = {

/* Begin PBXBuildFile section */
		187D21D41E25F6D3002B5BF9 /* AppDelegate.swift in Sources */ = {isa = PBXBuildFile; fileRef = 187D21D31E25F6D3002B5BF9 /* AppDelegate.swift */; };
		187D21D61E25F6D3002B5BF9 /* ViewController.swift in Sources */ = {isa = PBXBuildFile; fileRef = 187D21D51E25F6D3002B5BF9 /* ViewController.swift */; };
		187D21D91E25F6D3002B5BF9 /* Main.storyboard in Resources */ = {isa = PBXBuildFile; fileRef = 187D21D71E25F6D3002B5BF9 /* Main.storyboard */; };
		187D21DB1E25F6D3002B5BF9 /* Assets.xcassets in Resources */ = {isa = PBXBuildFile; fileRef = 187D21DA1E25F6D3002B5BF9 /* Assets.xcassets */; };
		187D21DE1E25F6D3002B5BF9 /* LaunchScreen.storyboard in Resources */ = {isa = PBXBuildFile; fileRef = 187D21DC1E25F6D3002B5BF9 /* LaunchScreen.storyboard */; };
		187D21E91E25F6D3002B5BF9 /* hungeryTests.swift in Sources */ = {isa = PBXBuildFile; fileRef = 187D21E81E25F6D3002B5BF9 /* hungeryTests.swift */; };
		187D21F41E25F6D3002B5BF9 /* hungeryUITests.swift in Sources */ = {isa = PBXBuildFile; fileRef = 187D21F31E25F6D3002B5BF9 /* hungeryUITests.swift */; };
/* End PBXBuildFile section */

/* Begin PBXContainerItemProxy section */
		187D21E51E25F6D3002B5BF9 /* PBXContainerItemProxy */ = {
			isa = PBXContainerItemProxy;
			containerPortal = 187D21C81E25F6D2002B5BF9 /* Project object */;
			proxyType = 1;
			remoteGlobalIDString = 187D21CF1E25F6D2002B5BF9;
			remoteInfo = hungery;
		};
		187D21F01E25F6D3002B5BF9 /* PBXContainerItemProxy */ = {
			isa = PBXContainerItemProxy;
			containerPortal = 187D21C81E25F6D2002B5BF9 /* Project object */;
			proxyType = 1;
			remoteGlobalIDString = 187D21CF1E25F6D2002B5BF9;
			remoteInfo = hungery;
		};
/* End PBXContainerItemProxy section */

/* Begin PBXFileReference section */
		187D21D01E25F6D3002B5BF9 /* hungery.app */ = {isa = PBXFileReference; explicitFileType = wrapper.application; includeInIndex = 0; path = hungery.app; sourceTree = BUILT_PRODUCTS_DIR; };
		187D21D31E25F6D3002B5BF9 /* AppDelegate.swift */ = {isa = PBXFileReference; lastKnownFileType = sourcecode.swift; path = AppDelegate.swift; sourceTree = "<group>"; };
		187D21D51E25F6D3002B5BF9 /* ViewController.swift */ = {isa = PBXFileReference; lastKnownFileType = sourcecode.swift; path = ViewController.swift; sourceTree = "<group>"; };
		187D21D81E25F6D3002B5BF9 /* Base */ = {isa = PBXFileReference; lastKnownFileType = file.storyboard; name = Base; path = Base.lproj/Main.storyboard; sourceTree = "<group>"; };
		187D21DA1E25F6D3002B5BF9 /* Assets.xcassets */ = {isa = PBXFileReference; lastKnownFileType = folder.assetcatalog; path = Assets.xcassets; sourceTree = "<group>"; };
		187D21DD1E25F6D3002B5BF9 /* Base */ = {isa = PBXFileReference; lastKnownFileType = file.storyboard; name = Base; path = Base.lproj/LaunchScreen.storyboard; sourceTree = "<group>"; };
		187D21DF1E25F6D3002B5BF9 /* Info.plist */ = {isa = PBXFileReference; lastKnownFileType = text.plist.xml; path = Info.plist; sourceTree = "<group>"; };
		187D21E41E25F6D3002B5BF9 /* hungeryTests.xctest */ = {isa = PBXFileReference; explicitFileType = wrapper.cfbundle; includeInIndex = 0; path = hungeryTests.xctest; sourceTree = BUILT_PRODUCTS_DIR; };
		187D21E81E25F6D3002B5BF9 /* hungeryTests.swift */ = {isa = PBXFileReference; lastKnownFileType = sourcecode.swift; path = hungeryTests.swift; sourceTree = "<group>"; };
		187D21EA1E25F6D3002B5BF9 /* Info.plist */ = {isa = PBXFileReference; lastKnownFileType = text.plist.xml; path = Info.plist; sourceTree = "<group>"; };
		187D21EF1E25F6D3002B5BF9 /* hungeryUITests.xctest */ = {isa = PBXFileReference; explicitFileType = wrapper.cfbundle; includeInIndex = 0; path = hungeryUITests.xctest; sourceTree = BUILT_PRODUCTS_DIR; };
		187D21F31E25F6D3002B5BF9 /* hungeryUITests.swift */ = {isa = PBXFileReference; lastKnownFileType = sourcecode.swift; path = hungeryUITests.swift; sourceTree = "<group>"; };
		187D21F51E25F6D3002B5BF9 /* Info.plist */ = {isa = PBXFileReference; lastKnownFileType = text.plist.xml; path = Info.plist; sourceTree = "<group>"; };
/* End PBXFileReference section */

/* Begin PBXFrameworksBuildPhase section */
		187D21CD1E25F6D2002B5BF9 /* Frameworks */ = {
			isa = PBXFrameworksBuildPhase;
			buildActionMask = 2147483647;
			files = (
			);
			runOnlyForDeploymentPostprocessing = 0;
		};
		187D21E11E25F6D3002B5BF9 /* Frameworks */ = {
			isa = PBXFrameworksBuildPhase;
			buildActionMask = 2147483647;
			files = (
			);
			runOnlyForDeploymentPostprocessing = 0;
		};
		187D21EC1E25F6D3002B5BF9 /* Frameworks */ = {
			isa = PBXFrameworksBuildPhase;
			buildActionMask = 2147483647;
			files = (
			);
			runOnlyForDeploymentPostprocessing = 0;
		};
/* End PBXFrameworksBuildPhase section */

/* Begin PBXGroup section */
		187D21C71E25F6D2002B5BF9 = {
			isa = PBXGroup;
			children = (
				187D21D21E25F6D3002B5BF9 /* hungery */,
				187D21E71E25F6D3002B5BF9 /* hungeryTests */,
				187D21F21E25F6D3002B5BF9 /* hungeryUITests */,
				187D21D11E25F6D3002B5BF9 /* Products */,
			);
			sourceTree = "<group>";
		};
		187D21D11E25F6D3002B5BF9 /* Products */ = {
			isa = PBXGroup;
			children = (
				187D21D01E25F6D3002B5BF9 /* hungery.app */,
				187D21E41E25F6D3002B5BF9 /* hungeryTests.xctest */,
				187D21EF1E25F6D3002B5BF9 /* hungeryUITests.xctest */,
			);
			name = Products;
			sourceTree = "<group>";
		};
		187D21D21E25F6D3002B5BF9 /* hungery */ = {
			isa = PBXGroup;
			children = (
				187D21D31E25F6D3002B5BF9 /* AppDelegate.swift */,
				187D21D51E25F6D3002B5BF9 /* ViewController.swift */,
				187D21D71E25F6D3002B5BF9 /* Main.storyboard */,
				187D21DA1E25F6D3002B5BF9 /* Assets.xcassets */,
				187D21DC1E25F6D3002B5BF9 /* LaunchScreen.storyboard */,
				187D21DF1E25F6D3002B5BF9 /* Info.plist */,
			);
			path = hungery;
			sourceTree = "<group>";
		};
		187D21E71E25F6D3002B5BF9 /* hungeryTests */ = {
			isa = PBXGroup;
			children = (
				187D21E81E25F6D3002B5BF9 /* hungeryTests.swift */,
				187D21EA1E25F6D3002B5BF9 /* Info.plist */,
			);
			path = hungeryTests;
			sourceTree = "<group>";
		};
		187D21F21E25F6D3002B5BF9 /* hungeryUITests */ = {
			isa = PBXGroup;
			children = (
				187D21F31E25F6D3002B5BF9 /* hungeryUITests.swift */,
				187D21F51E25F6D3002B5BF9 /* Info.plist */,
			);
			path = hungeryUITests;
			sourceTree = "<group>";
		};
/* End PBXGroup section */

/* Begin PBXNativeTarget section */
		187D21CF1E25F6D2002B5BF9 /* hungery */ = {
			isa = PBXNativeTarget;
			buildConfigurationList = 187D21F81E25F6D3002B5BF9 /* Build configuration list for PBXNativeTarget "hungery" */;
			buildPhases = (
				187D21CC1E25F6D2002B5BF9 /* Sources */,
				187D21CD1E25F6D2002B5BF9 /* Frameworks */,
				187D21CE1E25F6D2002B5BF9 /* Resources */,
			);
			buildRules = (
			);
			dependencies = (
			);
			name = hungery;
			productName = hungery;
			productReference = 187D21D01E25F6D3002B5BF9 /* hungery.app */;
			productType = "com.apple.product-type.application";
		};
		187D21E31E25F6D3002B5BF9 /* hungeryTests */ = {
			isa = PBXNativeTarget;
			buildConfigurationList = 187D21FB1E25F6D3002B5BF9 /* Build configuration list for PBXNativeTarget "hungeryTests" */;
			buildPhases = (
				187D21E01E25F6D3002B5BF9 /* Sources */,
				187D21E11E25F6D3002B5BF9 /* Frameworks */,
				187D21E21E25F6D3002B5BF9 /* Resources */,
			);
			buildRules = (
			);
			dependencies = (
				187D21E61E25F6D3002B5BF9 /* PBXTargetDependency */,
			);
			name = hungeryTests;
			productName = hungeryTests;
			productReference = 187D21E41E25F6D3002B5BF9 /* hungeryTests.xctest */;
			productType = "com.apple.product-type.bundle.unit-test";
		};
		187D21EE1E25F6D3002B5BF9 /* hungeryUITests */ = {
			isa = PBXNativeTarget;
			buildConfigurationList = 187D21FE1E25F6D3002B5BF9 /* Build configuration list for PBXNativeTarget "hungeryUITests" */;
			buildPhases = (
				187D21EB1E25F6D3002B5BF9 /* Sources */,
				187D21EC1E25F6D3002B5BF9 /* Frameworks */,
				187D21ED1E25F6D3002B5BF9 /* Resources */,
			);
			buildRules = (
			);
			dependencies = (
				187D21F11E25F6D3002B5BF9 /* PBXTargetDependency */,
			);
			name = hungeryUITests;
			productName = hungeryUITests;
			productReference = 187D21EF1E25F6D3002B5BF9 /* hungeryUITests.xctest */;
			productType = "com.apple.product-type.bundle.ui-testing";
		};
/* End PBXNativeTarget section */

/* Begin PBXProject section */
		187D21C81E25F6D2002B5BF9 /* Project object */ = {
			isa = PBXProject;
			attributes = {
				LastSwiftUpdateCheck = 0810;
				LastUpgradeCheck = 0810;
				ORGANIZATIONNAME = apple;
				TargetAttributes = {
					187D21CF1E25F6D2002B5BF9 = {
						CreatedOnToolsVersion = 8.1;
						ProvisioningStyle = Automatic;
					};
					187D21E31E25F6D3002B5BF9 = {
						CreatedOnToolsVersion = 8.1;
						ProvisioningStyle = Automatic;
						TestTargetID = 187D21CF1E25F6D2002B5BF9;
					};
					187D21EE1E25F6D3002B5BF9 = {
						CreatedOnToolsVersion = 8.1;
						ProvisioningStyle = Automatic;
						TestTargetID = 187D21CF1E25F6D2002B5BF9;
					};
				};
			};
			buildConfigurationList = 187D21CB1E25F6D2002B5BF9 /* Build configuration list for PBXProject "hungery" */;
			compatibilityVersion = "Xcode 3.2";
			developmentRegion = English;
			hasScannedForEncodings = 0;
			knownRegions = (
				en,
				Base,
			);
			mainGroup = 187D21C71E25F6D2002B5BF9;
			productRefGroup = 187D21D11E25F6D3002B5BF9 /* Products */;
			projectDirPath = "";
			projectRoot = "";
			targets = (
				187D21CF1E25F6D2002B5BF9 /* hungery */,
				187D21E31E25F6D3002B5BF9 /* hungeryTests */,
				187D21EE1E25F6D3002B5BF9 /* hungeryUITests */,
			);
		};
/* End PBXProject section */

/* Begin PBXResourcesBuildPhase section */
		187D21CE1E25F6D2002B5BF9 /* Resources */ = {
			isa = PBXResourcesBuildPhase;
			buildActionMask = 2147483647;
			files = (
				187D21DE1E25F6D3002B5BF9 /* LaunchScreen.storyboard in Resources */,
				187D21DB1E25F6D3002B5BF9 /* Assets.xcassets in Resources */,
				187D21D91E25F6D3002B5BF9 /* Main.storyboard in Resources */,
			);
			runOnlyForDeploymentPostprocessing = 0;
		};
		187D21E21E25F6D3002B5BF9 /* Resources */ = {
			isa = PBXResourcesBuildPhase;
			buildActionMask = 2147483647;
			files = (
			);
			runOnlyForDeploymentPostprocessing = 0;
		};
		187D21ED1E25F6D3002B5BF9 /* Resources */ = {
			isa = PBXResourcesBuildPhase;
			buildActionMask = 2147483647;
			files = (
			);
			runOnlyForDeploymentPostprocessing = 0;
		};
/* End PBXResourcesBuildPhase section */

/* Begin PBXSourcesBuildPhase section */
		187D21CC1E25F6D2002B5BF9 /* Sources */ = {
			isa = PBXSourcesBuildPhase;
			buildActionMask = 2147483647;
			files = (
				187D21D61E25F6D3002B5BF9 /* ViewController.swift in Sources */,
				187D21D41E25F6D3002B5BF9 /* AppDelegate.swift in Sources */,
			);
			runOnlyForDeploymentPostprocessing = 0;
		};
		187D21E01E25F6D3002B5BF9 /* Sources */ = {
			isa = PBXSourcesBuildPhase;
			buildActionMask = 2147483647;
			files = (
				187D21E91E25F6D3002B5BF9 /* hungeryTests.swift in Sources */,
			);
			runOnlyForDeploymentPostprocessing = 0;
		};
		187D21EB1E25F6D3002B5BF9 /* Sources */ = {
			isa = PBXSourcesBuildPhase;
			buildActionMask = 2147483647;
			files = (
				187D21F41E25F6D3002B5BF9 /* hungeryUITests.swift in Sources */,
			);
			runOnlyForDeploymentPostprocessing = 0;
		};
/* End PBXSourcesBuildPhase section */

/* Begin PBXTargetDependency section */
		187D21E61E25F6D3002B5BF9 /* PBXTargetDependency */ = {
			isa = PBXTargetDependency;
			target = 187D21CF1E25F6D2002B5BF9 /* hungery */;
			targetProxy = 187D21E51E25F6D3002B5BF9 /* PBXContainerItemProxy */;
		};
		187D21F11E25F6D3002B5BF9 /* PBXTargetDependency */ = {
			isa = PBXTargetDependency;
			target = 187D21CF1E25F6D2002B5BF9 /* hungery */;
			targetProxy = 187D21F01E25F6D3002B5BF9 /* PBXContainerItemProxy */;
		};
/* End PBXTargetDependency section */

/* Begin PBXVariantGroup section */
		187D21D71E25F6D3002B5BF9 /* Main.storyboard */ = {
			isa = PBXVariantGroup;
			children = (
				187D21D81E25F6D3002B5BF9 /* Base */,
			);
			name = Main.storyboard;
			sourceTree = "<group>";
		};
		187D21DC1E25F6D3002B5BF9 /* LaunchScreen.storyboard */ = {
			isa = PBXVariantGroup;
			children = (
				187D21DD1E25F6D3002B5BF9 /* Base */,
			);
			name = LaunchScreen.storyboard;
			sourceTree = "<group>";
		};
/* End PBXVariantGroup section */

/* Begin XCBuildConfiguration section */
		187D21F61E25F6D3002B5BF9 /* Debug */ = {
			isa = XCBuildConfiguration;
			buildSettings = {
				ALWAYS_SEARCH_USER_PATHS = NO;
				CLANG_ANALYZER_NONNULL = YES;
				CLANG_CXX_LANGUAGE_STANDARD = "gnu++0x";
				CLANG_CXX_LIBRARY = "libc++";
				CLANG_ENABLE_MODULES = YES;
				CLANG_ENABLE_OBJC_ARC = YES;
				CLANG_WARN_BOOL_CONVERSION = YES;
				CLANG_WARN_CONSTANT_CONVERSION = YES;
				CLANG_WARN_DIRECT_OBJC_ISA_USAGE = YES_ERROR;
				CLANG_WARN_DOCUMENTATION_COMMENTS = YES;
				CLANG_WARN_EMPTY_BODY = YES;
				CLANG_WARN_ENUM_CONVERSION = YES;
				CLANG_WARN_INFINITE_RECURSION = YES;
				CLANG_WARN_INT_CONVERSION = YES;
				CLANG_WARN_OBJC_ROOT_CLASS = YES_ERROR;
				CLANG_WARN_SUSPICIOUS_MOVES = YES;
				CLANG_WARN_UNREACHABLE_CODE = YES;
				CLANG_WARN__DUPLICATE_METHOD_MATCH = YES;
				"CODE_SIGN_IDENTITY[sdk=iphoneos*]" = "iPhone Developer";
				COPY_PHASE_STRIP = NO;
				DEBUG_INFORMATION_FORMAT = dwarf;
				ENABLE_STRICT_OBJC_MSGSEND = YES;
				ENABLE_TESTABILITY = YES;
				GCC_C_LANGUAGE_STANDARD = gnu99;
				GCC_DYNAMIC_NO_PIC = NO;
				GCC_NO_COMMON_BLOCKS = YES;
				GCC_OPTIMIZATION_LEVEL = 0;
				GCC_PREPROCESSOR_DEFINITIONS = (
					"DEBUG=1",
					"$(inherited)",
				);
				GCC_WARN_64_TO_32_BIT_CONVERSION = YES;
				GCC_WARN_ABOUT_RETURN_TYPE = YES_ERROR;
				GCC_WARN_UNDECLARED_SELECTOR = YES;
				GCC_WARN_UNINITIALIZED_AUTOS = YES_AGGRESSIVE;
				GCC_WARN_UNUSED_FUNCTION = YES;
				GCC_WARN_UNUSED_VARIABLE = YES;
				IPHONEOS_DEPLOYMENT_TARGET = 10.1;
				MTL_ENABLE_DEBUG_INFO = YES;
				ONLY_ACTIVE_ARCH = YES;
				SDKROOT = iphoneos;
				SWIFT_ACTIVE_COMPILATION_CONDITIONS = DEBUG;
				SWIFT_OPTIMIZATION_LEVEL = "-Onone";
				TARGETED_DEVICE_FAMILY = "1,2";
			};
			name = Debug;
		};
		187D21F71E25F6D3002B5BF9 /* Release */ = {
			isa = XCBuildConfiguration;
			buildSettings = {
				ALWAYS_SEARCH_USER_PATHS = NO;
				CLANG_ANALYZER_NONNULL = YES;
				CLANG_CXX_LANGUAGE_STANDARD = "gnu++0x";
				CLANG_CXX_LIBRARY = "libc++";
				CLANG_ENABLE_MODULES = YES;
				CLANG_ENABLE_OBJC_ARC = YES;
				CLANG_WARN_BOOL_CONVERSION = YES;
				CLANG_WARN_CONSTANT_CONVERSION = YES;
				CLANG_WARN_DIRECT_OBJC_ISA_USAGE = YES_ERROR;
				CLANG_WARN_DOCUMENTATION_COMMENTS = YES;
				CLANG_WARN_EMPTY_BODY = YES;
				CLANG_WARN_ENUM_CONVERSION = YES;
				CLANG_WARN_INFINITE_RECURSION = YES;
				CLANG_WARN_INT_CONVERSION = YES;
				CLANG_WARN_OBJC_ROOT_CLASS = YES_ERROR;
				CLANG_WARN_SUSPICIOUS_MOVES = YES;
				CLANG_WARN_UNREACHABLE_CODE = YES;
				CLANG_WARN__DUPLICATE_METHOD_MATCH = YES;
				"CODE_SIGN_IDENTITY[sdk=iphoneos*]" = "iPhone Developer";
				COPY_PHASE_STRIP = NO;
				DEBUG_INFORMATION_FORMAT = "dwarf-with-dsym";
				ENABLE_NS_ASSERTIONS = NO;
				ENABLE_STRICT_OBJC_MSGSEND = YES;
				GCC_C_LANGUAGE_STANDARD = gnu99;
				GCC_NO_COMMON_BLOCKS = YES;
				GCC_WARN_64_TO_32_BIT_CONVERSION = YES;
				GCC_WARN_ABOUT_RETURN_TYPE = YES_ERROR;
				GCC_WARN_UNDECLARED_SELECTOR = YES;
				GCC_WARN_UNINITIALIZED_AUTOS = YES_AGGRESSIVE;
				GCC_WARN_UNUSED_FUNCTION = YES;
				GCC_WARN_UNUSED_VARIABLE = YES;
				IPHONEOS_DEPLOYMENT_TARGET = 10.1;
				MTL_ENABLE_DEBUG_INFO = NO;
				SDKROOT = iphoneos;
				SWIFT_OPTIMIZATION_LEVEL = "-Owholemodule";
				TARGETED_DEVICE_FAMILY = "1,2";
				VALIDATE_PRODUCT = YES;
			};
			name = Release;
		};
		187D21F91E25F6D3002B5BF9 /* Debug */ = {
			isa = XCBuildConfiguration;
			buildSettings = {
				ASSETCATALOG_COMPILER_APPICON_NAME = AppIcon;
				INFOPLIST_FILE = hungery/Info.plist;
				LD_RUNPATH_SEARCH_PATHS = "$(inherited) @executable_path/Frameworks";
				PRODUCT_BUNDLE_IDENTIFIER = com.tongbushi.hungery.hungery;
				PRODUCT_NAME = "$(TARGET_NAME)";
				SWIFT_VERSION = 3.0;
			};
			name = Debug;
		};
		187D21FA1E25F6D3002B5BF9 /* Release */ = {
			isa = XCBuildConfiguration;
			buildSettings = {
				ASSETCATALOG_COMPILER_APPICON_NAME = AppIcon;
				INFOPLIST_FILE = hungery/Info.plist;
				LD_RUNPATH_SEARCH_PATHS = "$(inherited) @executable_path/Frameworks";
				PRODUCT_BUNDLE_IDENTIFIER = com.tongbushi.hungery.hungery;
				PRODUCT_NAME = "$(TARGET_NAME)";
				SWIFT_VERSION = 3.0;
			};
			name = Release;
		};
		187D21FC1E25F6D3002B5BF9 /* Debug */ = {
			isa = XCBuildConfiguration;
			buildSettings = {
				ALWAYS_EMBED_SWIFT_STANDARD_LIBRARIES = YES;
				BUNDLE_LOADER = "$(TEST_HOST)";
				INFOPLIST_FILE = hungeryTests/Info.plist;
				LD_RUNPATH_SEARCH_PATHS = "$(inherited) @executable_path/Frameworks @loader_path/Frameworks";
				PRODUCT_BUNDLE_IDENTIFIER = com.tongbushi.hungery.hungeryTests;
				PRODUCT_NAME = "$(TARGET_NAME)";
				SWIFT_VERSION = 3.0;
				TEST_HOST = "$(BUILT_PRODUCTS_DIR)/hungery.app/hungery";
			};
			name = Debug;
		};
		187D21FD1E25F6D3002B5BF9 /* Release */ = {
			isa = XCBuildConfiguration;
			buildSettings = {
				ALWAYS_EMBED_SWIFT_STANDARD_LIBRARIES = YES;
				BUNDLE_LOADER = "$(TEST_HOST)";
				INFOPLIST_FILE = hungeryTests/Info.plist;
				LD_RUNPATH_SEARCH_PATHS = "$(inherited) @executable_path/Frameworks @loader_path/Frameworks";
				PRODUCT_BUNDLE_IDENTIFIER = com.tongbushi.hungery.hungeryTests;
				PRODUCT_NAME = "$(TARGET_NAME)";
				SWIFT_VERSION = 3.0;
				TEST_HOST = "$(BUILT_PRODUCTS_DIR)/hungery.app/hungery";
			};
			name = Release;
		};
		187D21FF1E25F6D3002B5BF9 /* Debug */ = {
			isa = XCBuildConfiguration;
			buildSettings = {
				ALWAYS_EMBED_SWIFT_STANDARD_LIBRARIES = YES;
				INFOPLIST_FILE = hungeryUITests/Info.plist;
				LD_RUNPATH_SEARCH_PATHS = "$(inherited) @executable_path/Frameworks @loader_path/Frameworks";
				PRODUCT_BUNDLE_IDENTIFIER = com.tongbushi.hungery.hungeryUITests;
				PRODUCT_NAME = "$(TARGET_NAME)";
				SWIFT_VERSION = 3.0;
				TEST_TARGET_NAME = hungery;
			};
			name = Debug;
		};
		187D22001E25F6D3002B5BF9 /* Release */ = {
			isa = XCBuildConfiguration;
			buildSettings = {
				ALWAYS_EMBED_SWIFT_STANDARD_LIBRARIES = YES;
				INFOPLIST_FILE = hungeryUITests/Info.plist;
				LD_RUNPATH_SEARCH_PATHS = "$(inherited) @executable_path/Frameworks @loader_path/Frameworks";
				PRODUCT_BUNDLE_IDENTIFIER = com.tongbushi.hungery.hungeryUITests;
				PRODUCT_NAME = "$(TARGET_NAME)";
				SWIFT_VERSION = 3.0;
				TEST_TARGET_NAME = hungery;
			};
			name = Release;
		};
/* End XCBuildConfiguration section */

/* Begin XCConfigurationList section */
		187D21CB1E25F6D2002B5BF9 /* Build configuration list for PBXProject "hungery" */ = {
			isa = XCConfigurationList;
			buildConfigurations = (
				187D21F61E25F6D3002B5BF9 /* Debug */,
				187D21F71E25F6D3002B5BF9 /* Release */,
			);
			defaultConfigurationIsVisible = 0;
			defaultConfigurationName = Release;
		};
		187D21F81E25F6D3002B5BF9 /* Build configuration list for PBXNativeTarget "hungery" */ = {
			isa = XCConfigurationList;
			buildConfigurations = (
				187D21F91E25F6D3002B5BF9 /* Debug */,
				187D21FA1E25F6D3002B5BF9 /* Release */,
			);
			defaultConfigurationIsVisible = 0;
		};
		187D21FB1E25F6D3002B5BF9 /* Build configuration list for PBXNativeTarget "hungeryTests" */ = {
			isa = XCConfigurationList;
			buildConfigurations = (
				187D21FC1E25F6D3002B5BF9 /* Debug */,
				187D21FD1E25F6D3002B5BF9 /* Release */,
			);
			defaultConfigurationIsVisible = 0;
		};
		187D21FE1E25F6D3002B5BF9 /* Build configuration list for PBXNativeTarget "hungeryUITests" */ = {
			isa = XCConfigurationList;
			buildConfigurations = (
				187D21FF1E25F6D3002B5BF9 /* Debug */,
				187D22001E25F6D3002B5BF9 /* Release */,
			);
			defaultConfigurationIsVisible = 0;
		};
/* End XCConfigurationList section */
	};
	rootObject = 187D21C81E25F6D2002B5BF9 /* Project object */;
}
